
Microsoft Visual Studio Solution File, Format Version 12.00
# Visual Studio 15
VisualStudioVersion = 15.0.27703.2026
MinimumVisualStudioVersion = 10.0.40219.1
Project("{9A19103F-16F7-4668-BE54-9A1E7A4F7556}") = "Utils.TaskSchedulerClient", "Utils.TaskSchedulerClient\Utils.TaskSchedulerClient.csproj", "{A9FBBD8F-D40A-454E-A4CA-609C35A772B9}"
EndProject
Project("{FAE04EC0-301F-11D3-BF4B-00C04F79EFBC}") = "Utils.TaskSchedulerLib", "Utils.TaskSchedulerLib\Utils.TaskSchedulerLib.csproj", "{8CF1B13B-6ED2-49EF-87DE-3FB6C6E8B531}"
EndProject
Global
	GlobalSection(SolutionConfigurationPlatforms) = preSolution
		Debug|Any CPU = Debug|Any CPU
		Release|Any CPU = Release|Any CPU
	EndGlobalSection
	GlobalSection(ProjectConfigurationPlatforms) = postSolution
		{A9FBBD8F-D40A-454E-A4CA-609C35A772B9}.Debug|Any CPU.ActiveCfg = Debug|Any CPU
		{A9FBBD8F-D40A-454E-A4CA-609C35A772B9}.Debug|Any CPU.Build.0 = Debug|Any CPU
		{A9FBBD8F-D40A-454E-A4CA-609C35A772B9}.Release|Any CPU.ActiveCfg = Release|Any CPU
		{A9FBBD8F-D40A-454E-A4CA-609C35A772B9}.Release|Any CPU.Build.0 = Release|Any CPU
		{8CF1B13B-6ED2-49EF-87DE-3FB6C6E8B531}.Debug|Any CPU.ActiveCfg = Debug|Any CPU
		{8CF1B13B-6ED2-49EF-87DE-3FB6C6E8B531}.Debug|Any CPU.Build.0 = Debug|Any CPU
		{8CF1B13B-6ED2-49EF-87DE-3FB6C6E8B531}.Release|Any CPU.ActiveCfg = Release|Any CPU
		{8CF1B13B-6ED2-49EF-87DE-3FB6C6E8B531}.Release|Any CPU.Build.0 = Release|Any CPU
	EndGlobalSection
	GlobalSection(SolutionProperties) = preSolution
		HideSolutionNode = FALSE
	EndGlobalSection
	GlobalSection(ExtensibilityGlobals) = postSolution
		SolutionGuid = {ED2AB4E0-96E9-4FDD-8DF3-854F109D3892}
	EndGlobalSection
EndGlobal
