
Microsoft Visual Studio Solution File, Format Version 12.00
# Visual Studio 15
VisualStudioVersion = 15.0.27703.2026
MinimumVisualStudioVersion = 10.0.40219.1
Project("{FAE04EC0-301F-11D3-BF4B-00C04F79EFBC}") = "Utils.TaskScheduler", "Utils.TaskScheduler\Utils.TaskScheduler.csproj", "{A9FBBD8F-D40A-454E-A4CA-609C35A772B9}"
EndProject
Global
	GlobalSection(SolutionConfigurationPlatforms) = preSolution
		Debug|Any CPU = Debug|Any CPU
		Release|Any CPU = Release|Any CPU
	EndGlobalSection
	GlobalSection(ProjectConfigurationPlatforms) = postSolution
		{A9FBBD8F-D40A-454E-A4CA-609C35A772B9}.Debug|Any CPU.ActiveCfg = Debug|Any CPU
		{A9FBBD8F-D40A-454E-A4CA-609C35A772B9}.Debug|Any CPU.Build.0 = Debug|Any CPU
		{A9FBBD8F-D40A-454E-A4CA-609C35A772B9}.Release|Any CPU.ActiveCfg = Release|Any CPU
		{A9FBBD8F-D40A-454E-A4CA-609C35A772B9}.Release|Any CPU.Build.0 = Release|Any CPU
	EndGlobalSection
	GlobalSection(SolutionProperties) = preSolution
		HideSolutionNode = FALSE
	EndGlobalSection
	GlobalSection(ExtensibilityGlobals) = postSolution
		SolutionGuid = {ED2AB4E0-96E9-4FDD-8DF3-854F109D3892}
	EndGlobalSection
EndGlobal
